// !$*UTF8*$!
{
	archiveVersion = 1;
	classes = {
	};
	objectVersion = 46;
	objects = {

/* Begin PBXBuildFile section */
		0DD7E3B3E30202C5EAEA47E9 /* Pods_TwitterJockey.framework in Frameworks */ = {isa = PBXBuildFile; fileRef = 6B556674753EBACDD2A443F5 /* Pods_TwitterJockey.framework */; };
		281B16021DCCEB8A0059BE90 /* MasterViewController.swift in Sources */ = {isa = PBXBuildFile; fileRef = 281B16011DCCEB8A0059BE90 /* MasterViewController.swift */; };
		281B16041DCD2CF80059BE90 /* MenuViewController.swift in Sources */ = {isa = PBXBuildFile; fileRef = 281B16031DCD2CF80059BE90 /* MenuViewController.swift */; };
		281B16061DCD41330059BE90 /* MainMenuTableViewCell.swift in Sources */ = {isa = PBXBuildFile; fileRef = 281B16051DCD41330059BE90 /* MainMenuTableViewCell.swift */; };
		281B16081DCE99A50059BE90 /* ProfileViewController.swift in Sources */ = {isa = PBXBuildFile; fileRef = 281B16071DCE99A50059BE90 /* ProfileViewController.swift */; };
		281B160A1DCE99DD0059BE90 /* Profile.swift in Sources */ = {isa = PBXBuildFile; fileRef = 281B16091DCE99DD0059BE90 /* Profile.swift */; };
		281B160C1DCF89AC0059BE90 /* ViewHelper.swift in Sources */ = {isa = PBXBuildFile; fileRef = 281B160B1DCF89AC0059BE90 /* ViewHelper.swift */; };
		281B160E1DD0E85E0059BE90 /* TwitterJockey.swift in Sources */ = {isa = PBXBuildFile; fileRef = 281B160D1DD0E85E0059BE90 /* TwitterJockey.swift */; };
		281B16101DD0FAB90059BE90 /* TweetsTwoViewController.swift in Sources */ = {isa = PBXBuildFile; fileRef = 281B160F1DD0FAB90059BE90 /* TweetsTwoViewController.swift */; };
		281B16121DD1097A0059BE90 /* TweetsTableViewCell.swift in Sources */ = {isa = PBXBuildFile; fileRef = 281B16111DD1097A0059BE90 /* TweetsTableViewCell.swift */; };
		2867A01A1DC3CA3200815496 /* AppDelegate.swift in Sources */ = {isa = PBXBuildFile; fileRef = 2867A0191DC3CA3200815496 /* AppDelegate.swift */; };
		2867A01C1DC3CA3200815496 /* ViewController.swift in Sources */ = {isa = PBXBuildFile; fileRef = 2867A01B1DC3CA3200815496 /* ViewController.swift */; };
		2867A01F1DC3CA3200815496 /* Main.storyboard in Resources */ = {isa = PBXBuildFile; fileRef = 2867A01D1DC3CA3200815496 /* Main.storyboard */; };
		2867A0211DC3CA3200815496 /* Assets.xcassets in Resources */ = {isa = PBXBuildFile; fileRef = 2867A0201DC3CA3200815496 /* Assets.xcassets */; };
		2867A0241DC3CA3200815496 /* LaunchScreen.storyboard in Resources */ = {isa = PBXBuildFile; fileRef = 2867A0221DC3CA3200815496 /* LaunchScreen.storyboard */; };
		28B699511DC7A5E800A8B346 /* TweetDetailViewController.swift in Sources */ = {isa = PBXBuildFile; fileRef = 28B699501DC7A5E800A8B346 /* TweetDetailViewController.swift */; };
		28B699531DC7D82000A8B346 /* ComposeTweetViewController.swift in Sources */ = {isa = PBXBuildFile; fileRef = 28B699521DC7D82000A8B346 /* ComposeTweetViewController.swift */; };
		28DA82A81DC6ADF600DCF8C4 /* HomeTimelineTableViewCell.swift in Sources */ = {isa = PBXBuildFile; fileRef = 28DA82A71DC6ADF600DCF8C4 /* HomeTimelineTableViewCell.swift */; };
		28DA82AC1DC6F97100DCF8C4 /* TimeHelper.swift in Sources */ = {isa = PBXBuildFile; fileRef = 28DA82AB1DC6F97100DCF8C4 /* TimeHelper.swift */; };
		28F635F71DC3CBD8006569D0 /* LoginViewController.swift in Sources */ = {isa = PBXBuildFile; fileRef = 28F635F61DC3CBD8006569D0 /* LoginViewController.swift */; };
		28F635F91DC3F31F006569D0 /* User.swift in Sources */ = {isa = PBXBuildFile; fileRef = 28F635F81DC3F31F006569D0 /* User.swift */; };
		28F635FB1DC3F32C006569D0 /* Tweet.swift in Sources */ = {isa = PBXBuildFile; fileRef = 28F635FA1DC3F32C006569D0 /* Tweet.swift */; };
		28F635FD1DC3FCDD006569D0 /* TwitterClient.swift in Sources */ = {isa = PBXBuildFile; fileRef = 28F635FC1DC3FCDD006569D0 /* TwitterClient.swift */; };
		28F635FF1DC4232C006569D0 /* TweetsViewController.swift in Sources */ = {isa = PBXBuildFile; fileRef = 28F635FE1DC4232C006569D0 /* TweetsViewController.swift */; };
/* End PBXBuildFile section */

/* Begin PBXFileReference section */
		281B16011DCCEB8A0059BE90 /* MasterViewController.swift */ = {isa = PBXFileReference; fileEncoding = 4; lastKnownFileType = sourcecode.swift; path = MasterViewController.swift; sourceTree = "<group>"; };
		281B16031DCD2CF80059BE90 /* MenuViewController.swift */ = {isa = PBXFileReference; fileEncoding = 4; lastKnownFileType = sourcecode.swift; path = MenuViewController.swift; sourceTree = "<group>"; };
		281B16051DCD41330059BE90 /* MainMenuTableViewCell.swift */ = {isa = PBXFileReference; fileEncoding = 4; lastKnownFileType = sourcecode.swift; path = MainMenuTableViewCell.swift; sourceTree = "<group>"; };
		281B16071DCE99A50059BE90 /* ProfileViewController.swift */ = {isa = PBXFileReference; fileEncoding = 4; lastKnownFileType = sourcecode.swift; path = ProfileViewController.swift; sourceTree = "<group>"; };
		281B16091DCE99DD0059BE90 /* Profile.swift */ = {isa = PBXFileReference; fileEncoding = 4; lastKnownFileType = sourcecode.swift; path = Profile.swift; sourceTree = "<group>"; };
		281B160B1DCF89AC0059BE90 /* ViewHelper.swift */ = {isa = PBXFileReference; fileEncoding = 4; lastKnownFileType = sourcecode.swift; path = ViewHelper.swift; sourceTree = "<group>"; };
		281B160D1DD0E85E0059BE90 /* TwitterJockey.swift */ = {isa = PBXFileReference; fileEncoding = 4; lastKnownFileType = sourcecode.swift; path = TwitterJockey.swift; sourceTree = "<group>"; };
		281B160F1DD0FAB90059BE90 /* TweetsTwoViewController.swift */ = {isa = PBXFileReference; fileEncoding = 4; lastKnownFileType = sourcecode.swift; path = TweetsTwoViewController.swift; sourceTree = "<group>"; };
		281B16111DD1097A0059BE90 /* TweetsTableViewCell.swift */ = {isa = PBXFileReference; fileEncoding = 4; lastKnownFileType = sourcecode.swift; path = TweetsTableViewCell.swift; sourceTree = "<group>"; };
		2867A0161DC3CA3200815496 /* TwitterJockey.app */ = {isa = PBXFileReference; explicitFileType = wrapper.application; includeInIndex = 0; path = TwitterJockey.app; sourceTree = BUILT_PRODUCTS_DIR; };
		2867A0191DC3CA3200815496 /* AppDelegate.swift */ = {isa = PBXFileReference; lastKnownFileType = sourcecode.swift; path = AppDelegate.swift; sourceTree = "<group>"; };
		2867A01B1DC3CA3200815496 /* ViewController.swift */ = {isa = PBXFileReference; lastKnownFileType = sourcecode.swift; path = ViewController.swift; sourceTree = "<group>"; };
		2867A01E1DC3CA3200815496 /* Base */ = {isa = PBXFileReference; lastKnownFileType = file.storyboard; name = Base; path = Base.lproj/Main.storyboard; sourceTree = "<group>"; };
		2867A0201DC3CA3200815496 /* Assets.xcassets */ = {isa = PBXFileReference; lastKnownFileType = folder.assetcatalog; path = Assets.xcassets; sourceTree = "<group>"; };
		2867A0231DC3CA3200815496 /* Base */ = {isa = PBXFileReference; lastKnownFileType = file.storyboard; name = Base; path = Base.lproj/LaunchScreen.storyboard; sourceTree = "<group>"; };
		2867A0251DC3CA3200815496 /* Info.plist */ = {isa = PBXFileReference; lastKnownFileType = text.plist.xml; path = Info.plist; sourceTree = "<group>"; };
		28B699501DC7A5E800A8B346 /* TweetDetailViewController.swift */ = {isa = PBXFileReference; fileEncoding = 4; lastKnownFileType = sourcecode.swift; path = TweetDetailViewController.swift; sourceTree = "<group>"; };
		28B699521DC7D82000A8B346 /* ComposeTweetViewController.swift */ = {isa = PBXFileReference; fileEncoding = 4; lastKnownFileType = sourcecode.swift; path = ComposeTweetViewController.swift; sourceTree = "<group>"; };
		28DA82A41DC69D5900DCF8C4 /* TwitterJockey.entitlements */ = {isa = PBXFileReference; lastKnownFileType = text.plist.entitlements; path = TwitterJockey.entitlements; sourceTree = "<group>"; };
		28DA82A71DC6ADF600DCF8C4 /* HomeTimelineTableViewCell.swift */ = {isa = PBXFileReference; fileEncoding = 4; lastKnownFileType = sourcecode.swift; path = HomeTimelineTableViewCell.swift; sourceTree = "<group>"; };
		28DA82AB1DC6F97100DCF8C4 /* TimeHelper.swift */ = {isa = PBXFileReference; fileEncoding = 4; lastKnownFileType = sourcecode.swift; path = TimeHelper.swift; sourceTree = "<group>"; };
		28F635F61DC3CBD8006569D0 /* LoginViewController.swift */ = {isa = PBXFileReference; fileEncoding = 4; lastKnownFileType = sourcecode.swift; path = LoginViewController.swift; sourceTree = "<group>"; };
		28F635F81DC3F31F006569D0 /* User.swift */ = {isa = PBXFileReference; fileEncoding = 4; lastKnownFileType = sourcecode.swift; path = User.swift; sourceTree = "<group>"; };
		28F635FA1DC3F32C006569D0 /* Tweet.swift */ = {isa = PBXFileReference; fileEncoding = 4; lastKnownFileType = sourcecode.swift; path = Tweet.swift; sourceTree = "<group>"; };
		28F635FC1DC3FCDD006569D0 /* TwitterClient.swift */ = {isa = PBXFileReference; fileEncoding = 4; lastKnownFileType = sourcecode.swift; path = TwitterClient.swift; sourceTree = "<group>"; };
		28F635FE1DC4232C006569D0 /* TweetsViewController.swift */ = {isa = PBXFileReference; fileEncoding = 4; lastKnownFileType = sourcecode.swift; path = TweetsViewController.swift; sourceTree = "<group>"; };
		6B556674753EBACDD2A443F5 /* Pods_TwitterJockey.framework */ = {isa = PBXFileReference; explicitFileType = wrapper.framework; includeInIndex = 0; path = Pods_TwitterJockey.framework; sourceTree = BUILT_PRODUCTS_DIR; };
		736490566E5630310EF7E97A /* Pods-TwitterJockey.debug.xcconfig */ = {isa = PBXFileReference; includeInIndex = 1; lastKnownFileType = text.xcconfig; name = "Pods-TwitterJockey.debug.xcconfig"; path = "Pods/Target Support Files/Pods-TwitterJockey/Pods-TwitterJockey.debug.xcconfig"; sourceTree = "<group>"; };
		CEE541E40722E148CE075CF4 /* Pods-TwitterJockey.release.xcconfig */ = {isa = PBXFileReference; includeInIndex = 1; lastKnownFileType = text.xcconfig; name = "Pods-TwitterJockey.release.xcconfig"; path = "Pods/Target Support Files/Pods-TwitterJockey/Pods-TwitterJockey.release.xcconfig"; sourceTree = "<group>"; };
/* End PBXFileReference section */

/* Begin PBXFrameworksBuildPhase section */
		2867A0131DC3CA3200815496 /* Frameworks */ = {
			isa = PBXFrameworksBuildPhase;
			buildActionMask = 2147483647;
			files = (
				0DD7E3B3E30202C5EAEA47E9 /* Pods_TwitterJockey.framework in Frameworks */,
			);
			runOnlyForDeploymentPostprocessing = 0;
		};
/* End PBXFrameworksBuildPhase section */

/* Begin PBXGroup section */
		281B16131DD126F10059BE90 /* Protocols */ = {
			isa = PBXGroup;
			children = (
			);
			name = Protocols;
			sourceTree = "<group>";
		};
		2867A00D1DC3CA3200815496 = {
			isa = PBXGroup;
			children = (
				2867A0181DC3CA3200815496 /* TwitterJockey */,
				2867A0171DC3CA3200815496 /* Products */,
				A8CAFAB3D51098B2F07E5E5E /* Pods */,
				FDB4DF54F8D6517787055B43 /* Frameworks */,
			);
			sourceTree = "<group>";
		};
		2867A0171DC3CA3200815496 /* Products */ = {
			isa = PBXGroup;
			children = (
				2867A0161DC3CA3200815496 /* TwitterJockey.app */,
			);
			name = Products;
			sourceTree = "<group>";
		};
		2867A0181DC3CA3200815496 /* TwitterJockey */ = {
			isa = PBXGroup;
			children = (
				281B16131DD126F10059BE90 /* Protocols */,
				28DA82A41DC69D5900DCF8C4 /* TwitterJockey.entitlements */,
				28F635F51DC3CBB0006569D0 /* Clients */,
				28F635F41DC3CBAA006569D0 /* Models */,
				28F635F31DC3CB93006569D0 /* ViewControllers */,
				28F635F21DC3CB8D006569D0 /* Views */,
				2867A0191DC3CA3200815496 /* AppDelegate.swift */,
				2867A01B1DC3CA3200815496 /* ViewController.swift */,
				2867A01D1DC3CA3200815496 /* Main.storyboard */,
				2867A0201DC3CA3200815496 /* Assets.xcassets */,
				2867A0221DC3CA3200815496 /* LaunchScreen.storyboard */,
				2867A0251DC3CA3200815496 /* Info.plist */,
			);
			path = TwitterJockey;
			sourceTree = "<group>";
		};
		28F635F21DC3CB8D006569D0 /* Views */ = {
			isa = PBXGroup;
			children = (
				28DA82A71DC6ADF600DCF8C4 /* HomeTimelineTableViewCell.swift */,
				281B16051DCD41330059BE90 /* MainMenuTableViewCell.swift */,
				281B16111DD1097A0059BE90 /* TweetsTableViewCell.swift */,
			);
			name = Views;
			sourceTree = "<group>";
		};
		28F635F31DC3CB93006569D0 /* ViewControllers */ = {
			isa = PBXGroup;
			children = (
				28F635F61DC3CBD8006569D0 /* LoginViewController.swift */,
				28F635FE1DC4232C006569D0 /* TweetsViewController.swift */,
				28B699501DC7A5E800A8B346 /* TweetDetailViewController.swift */,
				28B699521DC7D82000A8B346 /* ComposeTweetViewController.swift */,
				281B16011DCCEB8A0059BE90 /* MasterViewController.swift */,
				281B16031DCD2CF80059BE90 /* MenuViewController.swift */,
				281B16071DCE99A50059BE90 /* ProfileViewController.swift */,
				281B160F1DD0FAB90059BE90 /* TweetsTwoViewController.swift */,
			);
			name = ViewControllers;
			sourceTree = "<group>";
		};
		28F635F41DC3CBAA006569D0 /* Models */ = {
			isa = PBXGroup;
			children = (
				28F635F81DC3F31F006569D0 /* User.swift */,
				28F635FA1DC3F32C006569D0 /* Tweet.swift */,
				28DA82AB1DC6F97100DCF8C4 /* TimeHelper.swift */,
				281B16091DCE99DD0059BE90 /* Profile.swift */,
				281B160B1DCF89AC0059BE90 /* ViewHelper.swift */,
				281B160D1DD0E85E0059BE90 /* TwitterJockey.swift */,
			);
			name = Models;
			sourceTree = "<group>";
		};
		28F635F51DC3CBB0006569D0 /* Clients */ = {
			isa = PBXGroup;
			children = (
				28F635FC1DC3FCDD006569D0 /* TwitterClient.swift */,
			);
			name = Clients;
			sourceTree = "<group>";
		};
		A8CAFAB3D51098B2F07E5E5E /* Pods */ = {
			isa = PBXGroup;
			children = (
				736490566E5630310EF7E97A /* Pods-TwitterJockey.debug.xcconfig */,
				CEE541E40722E148CE075CF4 /* Pods-TwitterJockey.release.xcconfig */,
			);
			name = Pods;
			sourceTree = "<group>";
		};
		FDB4DF54F8D6517787055B43 /* Frameworks */ = {
			isa = PBXGroup;
			children = (
				6B556674753EBACDD2A443F5 /* Pods_TwitterJockey.framework */,
			);
			name = Frameworks;
			sourceTree = "<group>";
		};
/* End PBXGroup section */

/* Begin PBXNativeTarget section */
		2867A0151DC3CA3200815496 /* TwitterJockey */ = {
			isa = PBXNativeTarget;
			buildConfigurationList = 2867A0281DC3CA3200815496 /* Build configuration list for PBXNativeTarget "TwitterJockey" */;
			buildPhases = (
				D59834EBD73AEA422A69B382 /* [CP] Check Pods Manifest.lock */,
				2867A0121DC3CA3200815496 /* Sources */,
				2867A0131DC3CA3200815496 /* Frameworks */,
				2867A0141DC3CA3200815496 /* Resources */,
				E7B47715F1D206ABCFC28C3B /* [CP] Embed Pods Frameworks */,
				86119A6ECB32C1FFBCF8D615 /* [CP] Copy Pods Resources */,
			);
			buildRules = (
			);
			dependencies = (
			);
			name = TwitterJockey;
			productName = TwitterJockey;
			productReference = 2867A0161DC3CA3200815496 /* TwitterJockey.app */;
			productType = "com.apple.product-type.application";
		};
/* End PBXNativeTarget section */

/* Begin PBXProject section */
		2867A00E1DC3CA3200815496 /* Project object */ = {
			isa = PBXProject;
			attributes = {
				LastSwiftUpdateCheck = 0800;
				LastUpgradeCheck = 0800;
				ORGANIZATIONNAME = Cvar;
				TargetAttributes = {
					2867A0151DC3CA3200815496 = {
						CreatedOnToolsVersion = 8.0;
						DevelopmentTeam = V4QF8FLG87;
						ProvisioningStyle = Automatic;
						SystemCapabilities = {
							com.apple.Keychain = {
								enabled = 1;
							};
						};
					};
				};
			};
			buildConfigurationList = 2867A0111DC3CA3200815496 /* Build configuration list for PBXProject "TwitterJockey" */;
			compatibilityVersion = "Xcode 3.2";
			developmentRegion = English;
			hasScannedForEncodings = 0;
			knownRegions = (
				en,
				Base,
			);
			mainGroup = 2867A00D1DC3CA3200815496;
			productRefGroup = 2867A0171DC3CA3200815496 /* Products */;
			projectDirPath = "";
			projectRoot = "";
			targets = (
				2867A0151DC3CA3200815496 /* TwitterJockey */,
			);
		};
/* End PBXProject section */

/* Begin PBXResourcesBuildPhase section */
		2867A0141DC3CA3200815496 /* Resources */ = {
			isa = PBXResourcesBuildPhase;
			buildActionMask = 2147483647;
			files = (
				2867A0241DC3CA3200815496 /* LaunchScreen.storyboard in Resources */,
				2867A0211DC3CA3200815496 /* Assets.xcassets in Resources */,
				2867A01F1DC3CA3200815496 /* Main.storyboard in Resources */,
			);
			runOnlyForDeploymentPostprocessing = 0;
		};
/* End PBXResourcesBuildPhase section */

/* Begin PBXShellScriptBuildPhase section */
		86119A6ECB32C1FFBCF8D615 /* [CP] Copy Pods Resources */ = {
			isa = PBXShellScriptBuildPhase;
			buildActionMask = 2147483647;
			files = (
			);
			inputPaths = (
			);
			name = "[CP] Copy Pods Resources";
			outputPaths = (
			);
			runOnlyForDeploymentPostprocessing = 0;
			shellPath = /bin/sh;
			shellScript = "\"${SRCROOT}/Pods/Target Support Files/Pods-TwitterJockey/Pods-TwitterJockey-resources.sh\"\n";
			showEnvVarsInLog = 0;
		};
		D59834EBD73AEA422A69B382 /* [CP] Check Pods Manifest.lock */ = {
			isa = PBXShellScriptBuildPhase;
			buildActionMask = 2147483647;
			files = (
			);
			inputPaths = (
			);
			name = "[CP] Check Pods Manifest.lock";
			outputPaths = (
			);
			runOnlyForDeploymentPostprocessing = 0;
			shellPath = /bin/sh;
			shellScript = "diff \"${PODS_ROOT}/../Podfile.lock\" \"${PODS_ROOT}/Manifest.lock\" > /dev/null\nif [[ $? != 0 ]] ; then\n    cat << EOM\nerror: The sandbox is not in sync with the Podfile.lock. Run 'pod install' or update your CocoaPods installation.\nEOM\n    exit 1\nfi\n";
			showEnvVarsInLog = 0;
		};
		E7B47715F1D206ABCFC28C3B /* [CP] Embed Pods Frameworks */ = {
			isa = PBXShellScriptBuildPhase;
			buildActionMask = 2147483647;
			files = (
			);
			inputPaths = (
			);
			name = "[CP] Embed Pods Frameworks";
			outputPaths = (
			);
			runOnlyForDeploymentPostprocessing = 0;
			shellPath = /bin/sh;
			shellScript = "\"${SRCROOT}/Pods/Target Support Files/Pods-TwitterJockey/Pods-TwitterJockey-frameworks.sh\"\n";
			showEnvVarsInLog = 0;
		};
/* End PBXShellScriptBuildPhase section */

/* Begin PBXSourcesBuildPhase section */
		2867A0121DC3CA3200815496 /* Sources */ = {
			isa = PBXSourcesBuildPhase;
			buildActionMask = 2147483647;
			files = (
				281B16101DD0FAB90059BE90 /* TweetsTwoViewController.swift in Sources */,
				28F635F91DC3F31F006569D0 /* User.swift in Sources */,
				28F635FB1DC3F32C006569D0 /* Tweet.swift in Sources */,
				281B16121DD1097A0059BE90 /* TweetsTableViewCell.swift in Sources */,
				28DA82AC1DC6F97100DCF8C4 /* TimeHelper.swift in Sources */,
				28DA82A81DC6ADF600DCF8C4 /* HomeTimelineTableViewCell.swift in Sources */,
				28F635F71DC3CBD8006569D0 /* LoginViewController.swift in Sources */,
				281B160C1DCF89AC0059BE90 /* ViewHelper.swift in Sources */,
				281B16061DCD41330059BE90 /* MainMenuTableViewCell.swift in Sources */,
				2867A01C1DC3CA3200815496 /* ViewController.swift in Sources */,
				28F635FF1DC4232C006569D0 /* TweetsViewController.swift in Sources */,
				281B16041DCD2CF80059BE90 /* MenuViewController.swift in Sources */,
				281B160E1DD0E85E0059BE90 /* TwitterJockey.swift in Sources */,
				281B160A1DCE99DD0059BE90 /* Profile.swift in Sources */,
				28F635FD1DC3FCDD006569D0 /* TwitterClient.swift in Sources */,
				281B16021DCCEB8A0059BE90 /* MasterViewController.swift in Sources */,
				2867A01A1DC3CA3200815496 /* AppDelegate.swift in Sources */,
				281B16081DCE99A50059BE90 /* ProfileViewController.swift in Sources */,
				28B699531DC7D82000A8B346 /* ComposeTweetViewController.swift in Sources */,
				28B699511DC7A5E800A8B346 /* TweetDetailViewController.swift in Sources */,
			);
			runOnlyForDeploymentPostprocessing = 0;
		};
/* End PBXSourcesBuildPhase section */

/* Begin PBXVariantGroup section */
		2867A01D1DC3CA3200815496 /* Main.storyboard */ = {
			isa = PBXVariantGroup;
			children = (
				2867A01E1DC3CA3200815496 /* Base */,
			);
			name = Main.storyboard;
			sourceTree = "<group>";
		};
		2867A0221DC3CA3200815496 /* LaunchScreen.storyboard */ = {
			isa = PBXVariantGroup;
			children = (
				2867A0231DC3CA3200815496 /* Base */,
			);
			name = LaunchScreen.storyboard;
			sourceTree = "<group>";
		};
/* End PBXVariantGroup section */

/* Begin XCBuildConfiguration section */
		2867A0261DC3CA3200815496 /* Debug */ = {
			isa = XCBuildConfiguration;
			buildSettings = {
				ALWAYS_SEARCH_USER_PATHS = NO;
				CLANG_ANALYZER_NONNULL = YES;
				CLANG_CXX_LANGUAGE_STANDARD = "gnu++0x";
				CLANG_CXX_LIBRARY = "libc++";
				CLANG_ENABLE_MODULES = YES;
				CLANG_ENABLE_OBJC_ARC = YES;
				CLANG_WARN_BOOL_CONVERSION = YES;
				CLANG_WARN_CONSTANT_CONVERSION = YES;
				CLANG_WARN_DIRECT_OBJC_ISA_USAGE = YES_ERROR;
				CLANG_WARN_DOCUMENTATION_COMMENTS = YES;
				CLANG_WARN_EMPTY_BODY = YES;
				CLANG_WARN_ENUM_CONVERSION = YES;
				CLANG_WARN_INFINITE_RECURSION = YES;
				CLANG_WARN_INT_CONVERSION = YES;
				CLANG_WARN_OBJC_ROOT_CLASS = YES_ERROR;
				CLANG_WARN_SUSPICIOUS_MOVE = YES;
				CLANG_WARN_SUSPICIOUS_MOVES = YES;
				CLANG_WARN_UNREACHABLE_CODE = YES;
				CLANG_WARN__DUPLICATE_METHOD_MATCH = YES;
				"CODE_SIGN_IDENTITY[sdk=iphoneos*]" = "iPhone Developer";
				COPY_PHASE_STRIP = NO;
				DEBUG_INFORMATION_FORMAT = dwarf;
				ENABLE_STRICT_OBJC_MSGSEND = YES;
				ENABLE_TESTABILITY = YES;
				GCC_C_LANGUAGE_STANDARD = gnu99;
				GCC_DYNAMIC_NO_PIC = NO;
				GCC_NO_COMMON_BLOCKS = YES;
				GCC_OPTIMIZATION_LEVEL = 0;
				GCC_PREPROCESSOR_DEFINITIONS = (
					"DEBUG=1",
					"$(inherited)",
				);
				GCC_WARN_64_TO_32_BIT_CONVERSION = YES;
				GCC_WARN_ABOUT_RETURN_TYPE = YES_ERROR;
				GCC_WARN_UNDECLARED_SELECTOR = YES;
				GCC_WARN_UNINITIALIZED_AUTOS = YES_AGGRESSIVE;
				GCC_WARN_UNUSED_FUNCTION = YES;
				GCC_WARN_UNUSED_VARIABLE = YES;
				IPHONEOS_DEPLOYMENT_TARGET = 10.0;
				MTL_ENABLE_DEBUG_INFO = YES;
				ONLY_ACTIVE_ARCH = YES;
				SDKROOT = iphoneos;
				SWIFT_ACTIVE_COMPILATION_CONDITIONS = DEBUG;
				SWIFT_OPTIMIZATION_LEVEL = "-Onone";
				TARGETED_DEVICE_FAMILY = "1,2";
			};
			name = Debug;
		};
		2867A0271DC3CA3200815496 /* Release */ = {
			isa = XCBuildConfiguration;
			buildSettings = {
				ALWAYS_SEARCH_USER_PATHS = NO;
				CLANG_ANALYZER_NONNULL = YES;
				CLANG_CXX_LANGUAGE_STANDARD = "gnu++0x";
				CLANG_CXX_LIBRARY = "libc++";
				CLANG_ENABLE_MODULES = YES;
				CLANG_ENABLE_OBJC_ARC = YES;
				CLANG_WARN_BOOL_CONVERSION = YES;
				CLANG_WARN_CONSTANT_CONVERSION = YES;
				CLANG_WARN_DIRECT_OBJC_ISA_USAGE = YES_ERROR;
				CLANG_WARN_DOCUMENTATION_COMMENTS = YES;
				CLANG_WARN_EMPTY_BODY = YES;
				CLANG_WARN_ENUM_CONVERSION = YES;
				CLANG_WARN_INFINITE_RECURSION = YES;
				CLANG_WARN_INT_CONVERSION = YES;
				CLANG_WARN_OBJC_ROOT_CLASS = YES_ERROR;
				CLANG_WARN_SUSPICIOUS_MOVE = YES;
				CLANG_WARN_SUSPICIOUS_MOVES = YES;
				CLANG_WARN_UNREACHABLE_CODE = YES;
				CLANG_WARN__DUPLICATE_METHOD_MATCH = YES;
				"CODE_SIGN_IDENTITY[sdk=iphoneos*]" = "iPhone Developer";
				COPY_PHASE_STRIP = NO;
				DEBUG_INFORMATION_FORMAT = "dwarf-with-dsym";
				ENABLE_NS_ASSERTIONS = NO;
				ENABLE_STRICT_OBJC_MSGSEND = YES;
				GCC_C_LANGUAGE_STANDARD = gnu99;
				GCC_NO_COMMON_BLOCKS = YES;
				GCC_WARN_64_TO_32_BIT_CONVERSION = YES;
				GCC_WARN_ABOUT_RETURN_TYPE = YES_ERROR;
				GCC_WARN_UNDECLARED_SELECTOR = YES;
				GCC_WARN_UNINITIALIZED_AUTOS = YES_AGGRESSIVE;
				GCC_WARN_UNUSED_FUNCTION = YES;
				GCC_WARN_UNUSED_VARIABLE = YES;
				IPHONEOS_DEPLOYMENT_TARGET = 10.0;
				MTL_ENABLE_DEBUG_INFO = NO;
				SDKROOT = iphoneos;
				SWIFT_OPTIMIZATION_LEVEL = "-Owholemodule";
				TARGETED_DEVICE_FAMILY = "1,2";
				VALIDATE_PRODUCT = YES;
			};
			name = Release;
		};
		2867A0291DC3CA3200815496 /* Debug */ = {
			isa = XCBuildConfiguration;
			baseConfigurationReference = 736490566E5630310EF7E97A /* Pods-TwitterJockey.debug.xcconfig */;
			buildSettings = {
				ASSETCATALOG_COMPILER_APPICON_NAME = AppIcon;
				CODE_SIGN_ENTITLEMENTS = TwitterJockey/TwitterJockey.entitlements;
				DEVELOPMENT_TEAM = V4QF8FLG87;
				INFOPLIST_FILE = TwitterJockey/Info.plist;
				LD_RUNPATH_SEARCH_PATHS = "$(inherited) @executable_path/Frameworks";
				PRODUCT_BUNDLE_IDENTIFIER = com.cvar.TwitterJockey;
				PRODUCT_NAME = "$(TARGET_NAME)";
				SWIFT_VERSION = 3.0;
			};
			name = Debug;
		};
		2867A02A1DC3CA3200815496 /* Release */ = {
			isa = XCBuildConfiguration;
			baseConfigurationReference = CEE541E40722E148CE075CF4 /* Pods-TwitterJockey.release.xcconfig */;
			buildSettings = {
				ASSETCATALOG_COMPILER_APPICON_NAME = AppIcon;
				CODE_SIGN_ENTITLEMENTS = TwitterJockey/TwitterJockey.entitlements;
				DEVELOPMENT_TEAM = V4QF8FLG87;
				INFOPLIST_FILE = TwitterJockey/Info.plist;
				LD_RUNPATH_SEARCH_PATHS = "$(inherited) @executable_path/Frameworks";
				PRODUCT_BUNDLE_IDENTIFIER = com.cvar.TwitterJockey;
				PRODUCT_NAME = "$(TARGET_NAME)";
				SWIFT_VERSION = 3.0;
			};
			name = Release;
		};
/* End XCBuildConfiguration section */

/* Begin XCConfigurationList section */
		2867A0111DC3CA3200815496 /* Build configuration list for PBXProject "TwitterJockey" */ = {
			isa = XCConfigurationList;
			buildConfigurations = (
				2867A0261DC3CA3200815496 /* Debug */,
				2867A0271DC3CA3200815496 /* Release */,
			);
			defaultConfigurationIsVisible = 0;
			defaultConfigurationName = Release;
		};
		2867A0281DC3CA3200815496 /* Build configuration list for PBXNativeTarget "TwitterJockey" */ = {
			isa = XCConfigurationList;
			buildConfigurations = (
				2867A0291DC3CA3200815496 /* Debug */,
				2867A02A1DC3CA3200815496 /* Release */,
			);
			defaultConfigurationIsVisible = 0;
			defaultConfigurationName = Release;
		};
/* End XCConfigurationList section */
	};
	rootObject = 2867A00E1DC3CA3200815496 /* Project object */;
}
