// !$*UTF8*$!
{
	archiveVersion = 1;
	classes = {
	};
	objectVersion = 46;
	objects = {

/* Begin PBXBuildFile section */
		2867A01A1DC3CA3200815496 /* AppDelegate.swift in Sources */ = {isa = PBXBuildFile; fileRef = 2867A0191DC3CA3200815496 /* AppDelegate.swift */; };
		2867A01C1DC3CA3200815496 /* ViewController.swift in Sources */ = {isa = PBXBuildFile; fileRef = 2867A01B1DC3CA3200815496 /* ViewController.swift */; };
		2867A01F1DC3CA3200815496 /* Main.storyboard in Resources */ = {isa = PBXBuildFile; fileRef = 2867A01D1DC3CA3200815496 /* Main.storyboard */; };
		2867A0211DC3CA3200815496 /* Assets.xcassets in Resources */ = {isa = PBXBuildFile; fileRef = 2867A0201DC3CA3200815496 /* Assets.xcassets */; };
		2867A0241DC3CA3200815496 /* LaunchScreen.storyboard in Resources */ = {isa = PBXBuildFile; fileRef = 2867A0221DC3CA3200815496 /* LaunchScreen.storyboard */; };
/* End PBXBuildFile section */

/* Begin PBXFileReference section */
		2867A0161DC3CA3200815496 /* TwitterJockey.app */ = {isa = PBXFileReference; explicitFileType = wrapper.application; includeInIndex = 0; path = TwitterJockey.app; sourceTree = BUILT_PRODUCTS_DIR; };
		2867A0191DC3CA3200815496 /* AppDelegate.swift */ = {isa = PBXFileReference; lastKnownFileType = sourcecode.swift; path = AppDelegate.swift; sourceTree = "<group>"; };
		2867A01B1DC3CA3200815496 /* ViewController.swift */ = {isa = PBXFileReference; lastKnownFileType = sourcecode.swift; path = ViewController.swift; sourceTree = "<group>"; };
		2867A01E1DC3CA3200815496 /* Base */ = {isa = PBXFileReference; lastKnownFileType = file.storyboard; name = Base; path = Base.lproj/Main.storyboard; sourceTree = "<group>"; };
		2867A0201DC3CA3200815496 /* Assets.xcassets */ = {isa = PBXFileReference; lastKnownFileType = folder.assetcatalog; path = Assets.xcassets; sourceTree = "<group>"; };
		2867A0231DC3CA3200815496 /* Base */ = {isa = PBXFileReference; lastKnownFileType = file.storyboard; name = Base; path = Base.lproj/LaunchScreen.storyboard; sourceTree = "<group>"; };
		2867A0251DC3CA3200815496 /* Info.plist */ = {isa = PBXFileReference; lastKnownFileType = text.plist.xml; path = Info.plist; sourceTree = "<group>"; };
/* End PBXFileReference section */

/* Begin PBXFrameworksBuildPhase section */
		2867A0131DC3CA3200815496 /* Frameworks */ = {
			isa = PBXFrameworksBuildPhase;
			buildActionMask = 2147483647;
			files = (
			);
			runOnlyForDeploymentPostprocessing = 0;
		};
/* End PBXFrameworksBuildPhase section */

/* Begin PBXGroup section */
		2867A00D1DC3CA3200815496 = {
			isa = PBXGroup;
			children = (
				2867A0181DC3CA3200815496 /* TwitterJockey */,
				2867A0171DC3CA3200815496 /* Products */,
			);
			sourceTree = "<group>";
		};
		2867A0171DC3CA3200815496 /* Products */ = {
			isa = PBXGroup;
			children = (
				2867A0161DC3CA3200815496 /* TwitterJockey.app */,
			);
			name = Products;
			sourceTree = "<group>";
		};
		2867A0181DC3CA3200815496 /* TwitterJockey */ = {
			isa = PBXGroup;
			children = (
				2867A0191DC3CA3200815496 /* AppDelegate.swift */,
				2867A01B1DC3CA3200815496 /* ViewController.swift */,
				2867A01D1DC3CA3200815496 /* Main.storyboard */,
				2867A0201DC3CA3200815496 /* Assets.xcassets */,
				2867A0221DC3CA3200815496 /* LaunchScreen.storyboard */,
				2867A0251DC3CA3200815496 /* Info.plist */,
			);
			path = TwitterJockey;
			sourceTree = "<group>";
		};
/* End PBXGroup section */

/* Begin PBXNativeTarget section */
		2867A0151DC3CA3200815496 /* TwitterJockey */ = {
			isa = PBXNativeTarget;
			buildConfigurationList = 2867A0281DC3CA3200815496 /* Build configuration list for PBXNativeTarget "TwitterJockey" */;
			buildPhases = (
				2867A0121DC3CA3200815496 /* Sources */,
				2867A0131DC3CA3200815496 /* Frameworks */,
				2867A0141DC3CA3200815496 /* Resources */,
			);
			buildRules = (
			);
			dependencies = (
			);
			name = TwitterJockey;
			productName = TwitterJockey;
			productReference = 2867A0161DC3CA3200815496 /* TwitterJockey.app */;
			productType = "com.apple.product-type.application";
		};
/* End PBXNativeTarget section */

/* Begin PBXProject section */
		2867A00E1DC3CA3200815496 /* Project object */ = {
			isa = PBXProject;
			attributes = {
				LastSwiftUpdateCheck = 0800;
				LastUpgradeCheck = 0800;
				ORGANIZATIONNAME = Cvar;
				TargetAttributes = {
					2867A0151DC3CA3200815496 = {
						CreatedOnToolsVersion = 8.0;
						DevelopmentTeam = V4QF8FLG87;
						ProvisioningStyle = Automatic;
					};
				};
			};
			buildConfigurationList = 2867A0111DC3CA3200815496 /* Build configuration list for PBXProject "TwitterJockey" */;
			compatibilityVersion = "Xcode 3.2";
			developmentRegion = English;
			hasScannedForEncodings = 0;
			knownRegions = (
				en,
				Base,
			);
			mainGroup = 2867A00D1DC3CA3200815496;
			productRefGroup = 2867A0171DC3CA3200815496 /* Products */;
			projectDirPath = "";
			projectRoot = "";
			targets = (
				2867A0151DC3CA3200815496 /* TwitterJockey */,
			);
		};
/* End PBXProject section */

/* Begin PBXResourcesBuildPhase section */
		2867A0141DC3CA3200815496 /* Resources */ = {
			isa = PBXResourcesBuildPhase;
			buildActionMask = 2147483647;
			files = (
				2867A0241DC3CA3200815496 /* LaunchScreen.storyboard in Resources */,
				2867A0211DC3CA3200815496 /* Assets.xcassets in Resources */,
				2867A01F1DC3CA3200815496 /* Main.storyboard in Resources */,
			);
			runOnlyForDeploymentPostprocessing = 0;
		};
/* End PBXResourcesBuildPhase section */

/* Begin PBXSourcesBuildPhase section */
		2867A0121DC3CA3200815496 /* Sources */ = {
			isa = PBXSourcesBuildPhase;
			buildActionMask = 2147483647;
			files = (
				2867A01C1DC3CA3200815496 /* ViewController.swift in Sources */,
				2867A01A1DC3CA3200815496 /* AppDelegate.swift in Sources */,
			);
			runOnlyForDeploymentPostprocessing = 0;
		};
/* End PBXSourcesBuildPhase section */

/* Begin PBXVariantGroup section */
		2867A01D1DC3CA3200815496 /* Main.storyboard */ = {
			isa = PBXVariantGroup;
			children = (
				2867A01E1DC3CA3200815496 /* Base */,
			);
			name = Main.storyboard;
			sourceTree = "<group>";
		};
		2867A0221DC3CA3200815496 /* LaunchScreen.storyboard */ = {
			isa = PBXVariantGroup;
			children = (
				2867A0231DC3CA3200815496 /* Base */,
			);
			name = LaunchScreen.storyboard;
			sourceTree = "<group>";
		};
/* End PBXVariantGroup section */

/* Begin XCBuildConfiguration section */
		2867A0261DC3CA3200815496 /* Debug */ = {
			isa = XCBuildConfiguration;
			buildSettings = {
				ALWAYS_SEARCH_USER_PATHS = NO;
				CLANG_ANALYZER_NONNULL = YES;
				CLANG_CXX_LANGUAGE_STANDARD = "gnu++0x";
				CLANG_CXX_LIBRARY = "libc++";
				CLANG_ENABLE_MODULES = YES;
				CLANG_ENABLE_OBJC_ARC = YES;
				CLANG_WARN_BOOL_CONVERSION = YES;
				CLANG_WARN_CONSTANT_CONVERSION = YES;
				CLANG_WARN_DIRECT_OBJC_ISA_USAGE = YES_ERROR;
				CLANG_WARN_DOCUMENTATION_COMMENTS = YES;
				CLANG_WARN_EMPTY_BODY = YES;
				CLANG_WARN_ENUM_CONVERSION = YES;
				CLANG_WARN_INFINITE_RECURSION = YES;
				CLANG_WARN_INT_CONVERSION = YES;
				CLANG_WARN_OBJC_ROOT_CLASS = YES_ERROR;
				CLANG_WARN_SUSPICIOUS_MOVES = YES;
				CLANG_WARN_UNREACHABLE_CODE = YES;
				CLANG_WARN__DUPLICATE_METHOD_MATCH = YES;
				"CODE_SIGN_IDENTITY[sdk=iphoneos*]" = "iPhone Developer";
				COPY_PHASE_STRIP = NO;
				DEBUG_INFORMATION_FORMAT = dwarf;
				ENABLE_STRICT_OBJC_MSGSEND = YES;
				ENABLE_TESTABILITY = YES;
				GCC_C_LANGUAGE_STANDARD = gnu99;
				GCC_DYNAMIC_NO_PIC = NO;
				GCC_NO_COMMON_BLOCKS = YES;
				GCC_OPTIMIZATION_LEVEL = 0;
				GCC_PREPROCESSOR_DEFINITIONS = (
					"DEBUG=1",
					"$(inherited)",
				);
				GCC_WARN_64_TO_32_BIT_CONVERSION = YES;
				GCC_WARN_ABOUT_RETURN_TYPE = YES_ERROR;
				GCC_WARN_UNDECLARED_SELECTOR = YES;
				GCC_WARN_UNINITIALIZED_AUTOS = YES_AGGRESSIVE;
				GCC_WARN_UNUSED_FUNCTION = YES;
				GCC_WARN_UNUSED_VARIABLE = YES;
				IPHONEOS_DEPLOYMENT_TARGET = 10.0;
				MTL_ENABLE_DEBUG_INFO = YES;
				ONLY_ACTIVE_ARCH = YES;
				SDKROOT = iphoneos;
				SWIFT_ACTIVE_COMPILATION_CONDITIONS = DEBUG;
				SWIFT_OPTIMIZATION_LEVEL = "-Onone";
				TARGETED_DEVICE_FAMILY = "1,2";
			};
			name = Debug;
		};
		2867A0271DC3CA3200815496 /* Release */ = {
			isa = XCBuildConfiguration;
			buildSettings = {
				ALWAYS_SEARCH_USER_PATHS = NO;
				CLANG_ANALYZER_NONNULL = YES;
				CLANG_CXX_LANGUAGE_STANDARD = "gnu++0x";
				CLANG_CXX_LIBRARY = "libc++";
				CLANG_ENABLE_MODULES = YES;
				CLANG_ENABLE_OBJC_ARC = YES;
				CLANG_WARN_BOOL_CONVERSION = YES;
				CLANG_WARN_CONSTANT_CONVERSION = YES;
				CLANG_WARN_DIRECT_OBJC_ISA_USAGE = YES_ERROR;
				CLANG_WARN_DOCUMENTATION_COMMENTS = YES;
				CLANG_WARN_EMPTY_BODY = YES;
				CLANG_WARN_ENUM_CONVERSION = YES;
				CLANG_WARN_INFINITE_RECURSION = YES;
				CLANG_WARN_INT_CONVERSION = YES;
				CLANG_WARN_OBJC_ROOT_CLASS = YES_ERROR;
				CLANG_WARN_SUSPICIOUS_MOVES = YES;
				CLANG_WARN_UNREACHABLE_CODE = YES;
				CLANG_WARN__DUPLICATE_METHOD_MATCH = YES;
				"CODE_SIGN_IDENTITY[sdk=iphoneos*]" = "iPhone Developer";
				COPY_PHASE_STRIP = NO;
				DEBUG_INFORMATION_FORMAT = "dwarf-with-dsym";
				ENABLE_NS_ASSERTIONS = NO;
				ENABLE_STRICT_OBJC_MSGSEND = YES;
				GCC_C_LANGUAGE_STANDARD = gnu99;
				GCC_NO_COMMON_BLOCKS = YES;
				GCC_WARN_64_TO_32_BIT_CONVERSION = YES;
				GCC_WARN_ABOUT_RETURN_TYPE = YES_ERROR;
				GCC_WARN_UNDECLARED_SELECTOR = YES;
				GCC_WARN_UNINITIALIZED_AUTOS = YES_AGGRESSIVE;
				GCC_WARN_UNUSED_FUNCTION = YES;
				GCC_WARN_UNUSED_VARIABLE = YES;
				IPHONEOS_DEPLOYMENT_TARGET = 10.0;
				MTL_ENABLE_DEBUG_INFO = NO;
				SDKROOT = iphoneos;
				SWIFT_OPTIMIZATION_LEVEL = "-Owholemodule";
				TARGETED_DEVICE_FAMILY = "1,2";
				VALIDATE_PRODUCT = YES;
			};
			name = Release;
		};
		2867A0291DC3CA3200815496 /* Debug */ = {
			isa = XCBuildConfiguration;
			buildSettings = {
				ASSETCATALOG_COMPILER_APPICON_NAME = AppIcon;
				DEVELOPMENT_TEAM = V4QF8FLG87;
				INFOPLIST_FILE = TwitterJockey/Info.plist;
				LD_RUNPATH_SEARCH_PATHS = "$(inherited) @executable_path/Frameworks";
				PRODUCT_BUNDLE_IDENTIFIER = com.cvar.TwitterJockey;
				PRODUCT_NAME = "$(TARGET_NAME)";
				SWIFT_VERSION = 3.0;
			};
			name = Debug;
		};
		2867A02A1DC3CA3200815496 /* Release */ = {
			isa = XCBuildConfiguration;
			buildSettings = {
				ASSETCATALOG_COMPILER_APPICON_NAME = AppIcon;
				DEVELOPMENT_TEAM = V4QF8FLG87;
				INFOPLIST_FILE = TwitterJockey/Info.plist;
				LD_RUNPATH_SEARCH_PATHS = "$(inherited) @executable_path/Frameworks";
				PRODUCT_BUNDLE_IDENTIFIER = com.cvar.TwitterJockey;
				PRODUCT_NAME = "$(TARGET_NAME)";
				SWIFT_VERSION = 3.0;
			};
			name = Release;
		};
/* End XCBuildConfiguration section */

/* Begin XCConfigurationList section */
		2867A0111DC3CA3200815496 /* Build configuration list for PBXProject "TwitterJockey" */ = {
			isa = XCConfigurationList;
			buildConfigurations = (
				2867A0261DC3CA3200815496 /* Debug */,
				2867A0271DC3CA3200815496 /* Release */,
			);
			defaultConfigurationIsVisible = 0;
			defaultConfigurationName = Release;
		};
		2867A0281DC3CA3200815496 /* Build configuration list for PBXNativeTarget "TwitterJockey" */ = {
			isa = XCConfigurationList;
			buildConfigurations = (
				2867A0291DC3CA3200815496 /* Debug */,
				2867A02A1DC3CA3200815496 /* Release */,
			);
			defaultConfigurationIsVisible = 0;
		};
/* End XCConfigurationList section */
	};
	rootObject = 2867A00E1DC3CA3200815496 /* Project object */;
}
